
Microsoft Visual Studio Solution File, Format Version 12.00
# Visual Studio Version 17
VisualStudioVersion = 17.7.34031.279
MinimumVisualStudioVersion = 10.0.40219.1
Project("{FAE04EC0-301F-11D3-BF4B-00C04F79EFBC}") = "pryEtapa3", "pryEtapa3.csproj", "{EF682132-A5BE-42EC-AF38-D39717D2618C}"
EndProject
Global
	GlobalSection(SolutionConfigurationPlatforms) = preSolution
		Debug|Any CPU = Debug|Any CPU
		Release|Any CPU = Release|Any CPU
	EndGlobalSection
	GlobalSection(ProjectConfigurationPlatforms) = postSolution
		{EF682132-A5BE-42EC-AF38-D39717D2618C}.Debug|Any CPU.ActiveCfg = Debug|Any CPU
		{EF682132-A5BE-42EC-AF38-D39717D2618C}.Debug|Any CPU.Build.0 = Debug|Any CPU
		{EF682132-A5BE-42EC-AF38-D39717D2618C}.Release|Any CPU.ActiveCfg = Release|Any CPU
		{EF682132-A5BE-42EC-AF38-D39717D2618C}.Release|Any CPU.Build.0 = Release|Any CPU
	EndGlobalSection
	GlobalSection(SolutionProperties) = preSolution
		HideSolutionNode = FALSE
	EndGlobalSection
	GlobalSection(ExtensibilityGlobals) = postSolution
		SolutionGuid = {757E698F-C813-4759-9DBC-7FB43A882238}
	EndGlobalSection
EndGlobal
